// !$*UTF8*$!
{
	archiveVersion = 1;
	classes = {
	};
	objectVersion = 56;
	objects = {

/* Begin PBXBuildFile section */
		5E1FC0362ACED94200595E79 /* QuoteGenApp.swift in Sources */ = {isa = PBXBuildFile; fileRef = 5E1FC0352ACED94200595E79 /* QuoteGenApp.swift */; };
		5E1FC0382ACED94200595E79 /* ContentView.swift in Sources */ = {isa = PBXBuildFile; fileRef = 5E1FC0372ACED94200595E79 /* ContentView.swift */; };
		5E1FC03A2ACED94300595E79 /* Assets.xcassets in Resources */ = {isa = PBXBuildFile; fileRef = 5E1FC0392ACED94300595E79 /* Assets.xcassets */; };
		5E1FC03D2ACED94300595E79 /* Preview Assets.xcassets in Resources */ = {isa = PBXBuildFile; fileRef = 5E1FC03C2ACED94300595E79 /* Preview Assets.xcassets */; };
		5E1FC0442ACEDB6700595E79 /* Quote.swift in Sources */ = {isa = PBXBuildFile; fileRef = 5E1FC0432ACEDB6700595E79 /* Quote.swift */; };
		5E1FC0462ACEDBBD00595E79 /* Originator.swift in Sources */ = {isa = PBXBuildFile; fileRef = 5E1FC0452ACEDBBD00595E79 /* Originator.swift */; };
		5E1FC04A2ACEEF7700595E79 /* ContentView-ViewModel.swift in Sources */ = {isa = PBXBuildFile; fileRef = 5E1FC0492ACEEF7700595E79 /* ContentView-ViewModel.swift */; };
		5E6DC57A2AD03DD700C099D8 /* FavoritesView.swift in Sources */ = {isa = PBXBuildFile; fileRef = 5E6DC5792AD03DD700C099D8 /* FavoritesView.swift */; };
		5E7981D82ACF1AF6002D6832 /* QuoteDetailView.swift in Sources */ = {isa = PBXBuildFile; fileRef = 5E7981D72ACF1AF6002D6832 /* QuoteDetailView.swift */; };
		5E8AE5352AD16C1300DA4206 /* FileManager-DocumentsDirectory.swift in Sources */ = {isa = PBXBuildFile; fileRef = 5E8AE5342AD16C1300DA4206 /* FileManager-DocumentsDirectory.swift */; };
		5EED5A802ADFB85B00EA2289 /* Network.swift in Sources */ = {isa = PBXBuildFile; fileRef = 5EED5A7F2ADFB85B00EA2289 /* Network.swift */; };
/* End PBXBuildFile section */

/* Begin PBXFileReference section */
		5E1FC0322ACED94200595E79 /* QuoteGen.app */ = {isa = PBXFileReference; explicitFileType = wrapper.application; includeInIndex = 0; path = QuoteGen.app; sourceTree = BUILT_PRODUCTS_DIR; };
		5E1FC0352ACED94200595E79 /* QuoteGenApp.swift */ = {isa = PBXFileReference; lastKnownFileType = sourcecode.swift; path = QuoteGenApp.swift; sourceTree = "<group>"; };
		5E1FC0372ACED94200595E79 /* ContentView.swift */ = {isa = PBXFileReference; lastKnownFileType = sourcecode.swift; path = ContentView.swift; sourceTree = "<group>"; };
		5E1FC0392ACED94300595E79 /* Assets.xcassets */ = {isa = PBXFileReference; lastKnownFileType = folder.assetcatalog; path = Assets.xcassets; sourceTree = "<group>"; };
		5E1FC03C2ACED94300595E79 /* Preview Assets.xcassets */ = {isa = PBXFileReference; lastKnownFileType = folder.assetcatalog; path = "Preview Assets.xcassets"; sourceTree = "<group>"; };
		5E1FC0432ACEDB6700595E79 /* Quote.swift */ = {isa = PBXFileReference; lastKnownFileType = sourcecode.swift; path = Quote.swift; sourceTree = "<group>"; };
		5E1FC0452ACEDBBD00595E79 /* Originator.swift */ = {isa = PBXFileReference; lastKnownFileType = sourcecode.swift; path = Originator.swift; sourceTree = "<group>"; };
		5E1FC0492ACEEF7700595E79 /* ContentView-ViewModel.swift */ = {isa = PBXFileReference; lastKnownFileType = sourcecode.swift; path = "ContentView-ViewModel.swift"; sourceTree = "<group>"; };
		5E6DC5792AD03DD700C099D8 /* FavoritesView.swift */ = {isa = PBXFileReference; lastKnownFileType = sourcecode.swift; path = FavoritesView.swift; sourceTree = "<group>"; };
		5E7981D72ACF1AF6002D6832 /* QuoteDetailView.swift */ = {isa = PBXFileReference; lastKnownFileType = sourcecode.swift; path = QuoteDetailView.swift; sourceTree = "<group>"; };
		5E8AE5342AD16C1300DA4206 /* FileManager-DocumentsDirectory.swift */ = {isa = PBXFileReference; lastKnownFileType = sourcecode.swift; path = "FileManager-DocumentsDirectory.swift"; sourceTree = "<group>"; };
		5EED5A7F2ADFB85B00EA2289 /* Network.swift */ = {isa = PBXFileReference; lastKnownFileType = sourcecode.swift; path = Network.swift; sourceTree = "<group>"; };
/* End PBXFileReference section */

/* Begin PBXFrameworksBuildPhase section */
		5E1FC02F2ACED94200595E79 /* Frameworks */ = {
			isa = PBXFrameworksBuildPhase;
			buildActionMask = 2147483647;
			files = (
			);
			runOnlyForDeploymentPostprocessing = 0;
		};
/* End PBXFrameworksBuildPhase section */

/* Begin PBXGroup section */
		5E1FC0292ACED94200595E79 = {
			isa = PBXGroup;
			children = (
				5E1FC0342ACED94200595E79 /* QuoteGen */,
				5E1FC0332ACED94200595E79 /* Products */,
			);
			sourceTree = "<group>";
		};
		5E1FC0332ACED94200595E79 /* Products */ = {
			isa = PBXGroup;
			children = (
				5E1FC0322ACED94200595E79 /* QuoteGen.app */,
			);
			name = Products;
			sourceTree = "<group>";
		};
		5E1FC0342ACED94200595E79 /* QuoteGen */ = {
			isa = PBXGroup;
			children = (
				5E7981DA2ACF1B92002D6832 /* Model */,
				5E7981D92ACF1B84002D6832 /* View */,
				5E1FC0392ACED94300595E79 /* Assets.xcassets */,
				5E1FC0352ACED94200595E79 /* QuoteGenApp.swift */,
				5E1FC03B2ACED94300595E79 /* Preview Content */,
			);
			path = QuoteGen;
			sourceTree = "<group>";
		};
		5E1FC03B2ACED94300595E79 /* Preview Content */ = {
			isa = PBXGroup;
			children = (
				5E1FC03C2ACED94300595E79 /* Preview Assets.xcassets */,
			);
			path = "Preview Content";
			sourceTree = "<group>";
		};
		5E7981D92ACF1B84002D6832 /* View */ = {
			isa = PBXGroup;
			children = (
				5E1FC0372ACED94200595E79 /* ContentView.swift */,
				5E6DC5792AD03DD700C099D8 /* FavoritesView.swift */,
				5E7981D72ACF1AF6002D6832 /* QuoteDetailView.swift */,
			);
			path = View;
			sourceTree = "<group>";
		};
		5E7981DA2ACF1B92002D6832 /* Model */ = {
			isa = PBXGroup;
			children = (
				5E1FC0432ACEDB6700595E79 /* Quote.swift */,
				5E1FC0452ACEDBBD00595E79 /* Originator.swift */,
				5E1FC0492ACEEF7700595E79 /* ContentView-ViewModel.swift */,
				5E8AE5342AD16C1300DA4206 /* FileManager-DocumentsDirectory.swift */,
				5EED5A7F2ADFB85B00EA2289 /* Network.swift */,
			);
			path = Model;
			sourceTree = "<group>";
		};
/* End PBXGroup section */

/* Begin PBXNativeTarget section */
		5E1FC0312ACED94200595E79 /* QuoteGen */ = {
			isa = PBXNativeTarget;
			buildConfigurationList = 5E1FC0402ACED94300595E79 /* Build configuration list for PBXNativeTarget "QuoteGen" */;
			buildPhases = (
				5E1FC02E2ACED94200595E79 /* Sources */,
				5E1FC02F2ACED94200595E79 /* Frameworks */,
				5E1FC0302ACED94200595E79 /* Resources */,
			);
			buildRules = (
			);
			dependencies = (
			);
			name = QuoteGen;
			productName = CheckIMDb;
			productReference = 5E1FC0322ACED94200595E79 /* QuoteGen.app */;
			productType = "com.apple.product-type.application";
		};
/* End PBXNativeTarget section */

/* Begin PBXProject section */
		5E1FC02A2ACED94200595E79 /* Project object */ = {
			isa = PBXProject;
			attributes = {
				BuildIndependentTargetsInParallel = 1;
				LastSwiftUpdateCheck = 1500;
				LastUpgradeCheck = 1500;
				TargetAttributes = {
					5E1FC0312ACED94200595E79 = {
						CreatedOnToolsVersion = 15.0;
					};
				};
			};
			buildConfigurationList = 5E1FC02D2ACED94200595E79 /* Build configuration list for PBXProject "QuoteGen" */;
			compatibilityVersion = "Xcode 14.0";
			developmentRegion = en;
			hasScannedForEncodings = 0;
			knownRegions = (
				en,
				Base,
			);
			mainGroup = 5E1FC0292ACED94200595E79;
			productRefGroup = 5E1FC0332ACED94200595E79 /* Products */;
			projectDirPath = "";
			projectRoot = "";
			targets = (
				5E1FC0312ACED94200595E79 /* QuoteGen */,
			);
		};
/* End PBXProject section */

/* Begin PBXResourcesBuildPhase section */
		5E1FC0302ACED94200595E79 /* Resources */ = {
			isa = PBXResourcesBuildPhase;
			buildActionMask = 2147483647;
			files = (
				5E1FC03D2ACED94300595E79 /* Preview Assets.xcassets in Resources */,
				5E1FC03A2ACED94300595E79 /* Assets.xcassets in Resources */,
			);
			runOnlyForDeploymentPostprocessing = 0;
		};
/* End PBXResourcesBuildPhase section */

/* Begin PBXSourcesBuildPhase section */
		5E1FC02E2ACED94200595E79 /* Sources */ = {
			isa = PBXSourcesBuildPhase;
			buildActionMask = 2147483647;
			files = (
				5E6DC57A2AD03DD700C099D8 /* FavoritesView.swift in Sources */,
				5E1FC0382ACED94200595E79 /* ContentView.swift in Sources */,
				5E1FC0442ACEDB6700595E79 /* Quote.swift in Sources */,
				5E7981D82ACF1AF6002D6832 /* QuoteDetailView.swift in Sources */,
				5E8AE5352AD16C1300DA4206 /* FileManager-DocumentsDirectory.swift in Sources */,
				5EED5A802ADFB85B00EA2289 /* Network.swift in Sources */,
				5E1FC0362ACED94200595E79 /* QuoteGenApp.swift in Sources */,
				5E1FC04A2ACEEF7700595E79 /* ContentView-ViewModel.swift in Sources */,
				5E1FC0462ACEDBBD00595E79 /* Originator.swift in Sources */,
			);
			runOnlyForDeploymentPostprocessing = 0;
		};
/* End PBXSourcesBuildPhase section */

/* Begin XCBuildConfiguration section */
		5E1FC03E2ACED94300595E79 /* Debug */ = {
			isa = XCBuildConfiguration;
			buildSettings = {
				ALWAYS_SEARCH_USER_PATHS = NO;
				ASSETCATALOG_COMPILER_GENERATE_SWIFT_ASSET_SYMBOL_EXTENSIONS = YES;
				CLANG_ANALYZER_NONNULL = YES;
				CLANG_ANALYZER_NUMBER_OBJECT_CONVERSION = YES_AGGRESSIVE;
				CLANG_CXX_LANGUAGE_STANDARD = "gnu++20";
				CLANG_ENABLE_MODULES = YES;
				CLANG_ENABLE_OBJC_ARC = YES;
				CLANG_ENABLE_OBJC_WEAK = YES;
				CLANG_WARN_BLOCK_CAPTURE_AUTORELEASING = YES;
				CLANG_WARN_BOOL_CONVERSION = YES;
				CLANG_WARN_COMMA = YES;
				CLANG_WARN_CONSTANT_CONVERSION = YES;
				CLANG_WARN_DEPRECATED_OBJC_IMPLEMENTATIONS = YES;
				CLANG_WARN_DIRECT_OBJC_ISA_USAGE = YES_ERROR;
				CLANG_WARN_DOCUMENTATION_COMMENTS = YES;
				CLANG_WARN_EMPTY_BODY = YES;
				CLANG_WARN_ENUM_CONVERSION = YES;
				CLANG_WARN_INFINITE_RECURSION = YES;
				CLANG_WARN_INT_CONVERSION = YES;
				CLANG_WARN_NON_LITERAL_NULL_CONVERSION = YES;
				CLANG_WARN_OBJC_IMPLICIT_RETAIN_SELF = YES;
				CLANG_WARN_OBJC_LITERAL_CONVERSION = YES;
				CLANG_WARN_OBJC_ROOT_CLASS = YES_ERROR;
				CLANG_WARN_QUOTED_INCLUDE_IN_FRAMEWORK_HEADER = YES;
				CLANG_WARN_RANGE_LOOP_ANALYSIS = YES;
				CLANG_WARN_STRICT_PROTOTYPES = YES;
				CLANG_WARN_SUSPICIOUS_MOVE = YES;
				CLANG_WARN_UNGUARDED_AVAILABILITY = YES_AGGRESSIVE;
				CLANG_WARN_UNREACHABLE_CODE = YES;
				CLANG_WARN__DUPLICATE_METHOD_MATCH = YES;
				COPY_PHASE_STRIP = NO;
				DEBUG_INFORMATION_FORMAT = dwarf;
				ENABLE_STRICT_OBJC_MSGSEND = YES;
				ENABLE_TESTABILITY = YES;
				ENABLE_USER_SCRIPT_SANDBOXING = YES;
				GCC_C_LANGUAGE_STANDARD = gnu17;
				GCC_DYNAMIC_NO_PIC = NO;
				GCC_NO_COMMON_BLOCKS = YES;
				GCC_OPTIMIZATION_LEVEL = 0;
				GCC_PREPROCESSOR_DEFINITIONS = (
					"DEBUG=1",
					"$(inherited)",
				);
				GCC_WARN_64_TO_32_BIT_CONVERSION = YES;
				GCC_WARN_ABOUT_RETURN_TYPE = YES_ERROR;
				GCC_WARN_UNDECLARED_SELECTOR = YES;
				GCC_WARN_UNINITIALIZED_AUTOS = YES_AGGRESSIVE;
				GCC_WARN_UNUSED_FUNCTION = YES;
				GCC_WARN_UNUSED_VARIABLE = YES;
				IPHONEOS_DEPLOYMENT_TARGET = 15.0;
				LOCALIZATION_PREFERS_STRING_CATALOGS = YES;
				MTL_ENABLE_DEBUG_INFO = INCLUDE_SOURCE;
				MTL_FAST_MATH = YES;
				ONLY_ACTIVE_ARCH = YES;
				SDKROOT = iphoneos;
				SWIFT_ACTIVE_COMPILATION_CONDITIONS = "DEBUG $(inherited)";
				SWIFT_OPTIMIZATION_LEVEL = "-Onone";
			};
			name = Debug;
		};
		5E1FC03F2ACED94300595E79 /* Release */ = {
			isa = XCBuildConfiguration;
			buildSettings = {
				ALWAYS_SEARCH_USER_PATHS = NO;
				ASSETCATALOG_COMPILER_GENERATE_SWIFT_ASSET_SYMBOL_EXTENSIONS = YES;
				CLANG_ANALYZER_NONNULL = YES;
				CLANG_ANALYZER_NUMBER_OBJECT_CONVERSION = YES_AGGRESSIVE;
				CLANG_CXX_LANGUAGE_STANDARD = "gnu++20";
				CLANG_ENABLE_MODULES = YES;
				CLANG_ENABLE_OBJC_ARC = YES;
				CLANG_ENABLE_OBJC_WEAK = YES;
				CLANG_WARN_BLOCK_CAPTURE_AUTORELEASING = YES;
				CLANG_WARN_BOOL_CONVERSION = YES;
				CLANG_WARN_COMMA = YES;
				CLANG_WARN_CONSTANT_CONVERSION = YES;
				CLANG_WARN_DEPRECATED_OBJC_IMPLEMENTATIONS = YES;
				CLANG_WARN_DIRECT_OBJC_ISA_USAGE = YES_ERROR;
				CLANG_WARN_DOCUMENTATION_COMMENTS = YES;
				CLANG_WARN_EMPTY_BODY = YES;
				CLANG_WARN_ENUM_CONVERSION = YES;
				CLANG_WARN_INFINITE_RECURSION = YES;
				CLANG_WARN_INT_CONVERSION = YES;
				CLANG_WARN_NON_LITERAL_NULL_CONVERSION = YES;
				CLANG_WARN_OBJC_IMPLICIT_RETAIN_SELF = YES;
				CLANG_WARN_OBJC_LITERAL_CONVERSION = YES;
				CLANG_WARN_OBJC_ROOT_CLASS = YES_ERROR;
				CLANG_WARN_QUOTED_INCLUDE_IN_FRAMEWORK_HEADER = YES;
				CLANG_WARN_RANGE_LOOP_ANALYSIS = YES;
				CLANG_WARN_STRICT_PROTOTYPES = YES;
				CLANG_WARN_SUSPICIOUS_MOVE = YES;
				CLANG_WARN_UNGUARDED_AVAILABILITY = YES_AGGRESSIVE;
				CLANG_WARN_UNREACHABLE_CODE = YES;
				CLANG_WARN__DUPLICATE_METHOD_MATCH = YES;
				COPY_PHASE_STRIP = NO;
				DEBUG_INFORMATION_FORMAT = "dwarf-with-dsym";
				ENABLE_NS_ASSERTIONS = NO;
				ENABLE_STRICT_OBJC_MSGSEND = YES;
				ENABLE_USER_SCRIPT_SANDBOXING = YES;
				GCC_C_LANGUAGE_STANDARD = gnu17;
				GCC_NO_COMMON_BLOCKS = YES;
				GCC_WARN_64_TO_32_BIT_CONVERSION = YES;
				GCC_WARN_ABOUT_RETURN_TYPE = YES_ERROR;
				GCC_WARN_UNDECLARED_SELECTOR = YES;
				GCC_WARN_UNINITIALIZED_AUTOS = YES_AGGRESSIVE;
				GCC_WARN_UNUSED_FUNCTION = YES;
				GCC_WARN_UNUSED_VARIABLE = YES;
				IPHONEOS_DEPLOYMENT_TARGET = 15.0;
				LOCALIZATION_PREFERS_STRING_CATALOGS = YES;
				MTL_ENABLE_DEBUG_INFO = NO;
				MTL_FAST_MATH = YES;
				SDKROOT = iphoneos;
				SWIFT_COMPILATION_MODE = wholemodule;
				VALIDATE_PRODUCT = YES;
			};
			name = Release;
		};
		5E1FC0412ACED94300595E79 /* Debug */ = {
			isa = XCBuildConfiguration;
			buildSettings = {
				ASSETCATALOG_COMPILER_APPICON_NAME = AppIcon;
				ASSETCATALOG_COMPILER_GLOBAL_ACCENT_COLOR_NAME = AccentColor;
				CODE_SIGN_STYLE = Automatic;
				CURRENT_PROJECT_VERSION = 1;
				DEVELOPMENT_ASSET_PATHS = "\"QuoteGen/Preview Content\"";
				DEVELOPMENT_TEAM = 44Y84K5426;
				ENABLE_PREVIEWS = YES;
				GENERATE_INFOPLIST_FILE = YES;
				INFOPLIST_KEY_UIApplicationSceneManifest_Generation = YES;
				INFOPLIST_KEY_UIApplicationSupportsIndirectInputEvents = YES;
				INFOPLIST_KEY_UILaunchScreen_Generation = YES;
				INFOPLIST_KEY_UISupportedInterfaceOrientations_iPad = "UIInterfaceOrientationPortrait UIInterfaceOrientationPortraitUpsideDown UIInterfaceOrientationLandscapeLeft UIInterfaceOrientationLandscapeRight";
				INFOPLIST_KEY_UISupportedInterfaceOrientations_iPhone = "UIInterfaceOrientationPortrait UIInterfaceOrientationLandscapeLeft UIInterfaceOrientationLandscapeRight";
				LD_RUNPATH_SEARCH_PATHS = (
					"$(inherited)",
					"@executable_path/Frameworks",
				);
				MARKETING_VERSION = 1.0;
				PRODUCT_BUNDLE_IDENTIFIER = furkido.CheckIMDb;
				PRODUCT_NAME = "$(TARGET_NAME)";
				SWIFT_EMIT_LOC_STRINGS = YES;
				SWIFT_VERSION = 5.0;
				TARGETED_DEVICE_FAMILY = "1,2";
			};
			name = Debug;
		};
		5E1FC0422ACED94300595E79 /* Release */ = {
			isa = XCBuildConfiguration;
			buildSettings = {
				ASSETCATALOG_COMPILER_APPICON_NAME = AppIcon;
				ASSETCATALOG_COMPILER_GLOBAL_ACCENT_COLOR_NAME = AccentColor;
				CODE_SIGN_STYLE = Automatic;
				CURRENT_PROJECT_VERSION = 1;
				DEVELOPMENT_ASSET_PATHS = "\"QuoteGen/Preview Content\"";
				DEVELOPMENT_TEAM = 44Y84K5426;
				ENABLE_PREVIEWS = YES;
				GENERATE_INFOPLIST_FILE = YES;
				INFOPLIST_KEY_UIApplicationSceneManifest_Generation = YES;
				INFOPLIST_KEY_UIApplicationSupportsIndirectInputEvents = YES;
				INFOPLIST_KEY_UILaunchScreen_Generation = YES;
				INFOPLIST_KEY_UISupportedInterfaceOrientations_iPad = "UIInterfaceOrientationPortrait UIInterfaceOrientationPortraitUpsideDown UIInterfaceOrientationLandscapeLeft UIInterfaceOrientationLandscapeRight";
				INFOPLIST_KEY_UISupportedInterfaceOrientations_iPhone = "UIInterfaceOrientationPortrait UIInterfaceOrientationLandscapeLeft UIInterfaceOrientationLandscapeRight";
				LD_RUNPATH_SEARCH_PATHS = (
					"$(inherited)",
					"@executable_path/Frameworks",
				);
				MARKETING_VERSION = 1.0;
				PRODUCT_BUNDLE_IDENTIFIER = furkido.CheckIMDb;
				PRODUCT_NAME = "$(TARGET_NAME)";
				SWIFT_EMIT_LOC_STRINGS = YES;
				SWIFT_VERSION = 5.0;
				TARGETED_DEVICE_FAMILY = "1,2";
			};
			name = Release;
		};
/* End XCBuildConfiguration section */

/* Begin XCConfigurationList section */
		5E1FC02D2ACED94200595E79 /* Build configuration list for PBXProject "QuoteGen" */ = {
			isa = XCConfigurationList;
			buildConfigurations = (
				5E1FC03E2ACED94300595E79 /* Debug */,
				5E1FC03F2ACED94300595E79 /* Release */,
			);
			defaultConfigurationIsVisible = 0;
			defaultConfigurationName = Release;
		};
		5E1FC0402ACED94300595E79 /* Build configuration list for PBXNativeTarget "QuoteGen" */ = {
			isa = XCConfigurationList;
			buildConfigurations = (
				5E1FC0412ACED94300595E79 /* Debug */,
				5E1FC0422ACED94300595E79 /* Release */,
			);
			defaultConfigurationIsVisible = 0;
			defaultConfigurationName = Release;
		};
/* End XCConfigurationList section */
	};
	rootObject = 5E1FC02A2ACED94200595E79 /* Project object */;
}
